
Microsoft Visual Studio Solution File, Format Version 12.00
# Visual Studio 15
VisualStudioVersion = 15.0.28307.271
MinimumVisualStudioVersion = 10.0.40219.1
Project("{FAE04EC0-301F-11D3-BF4B-00C04F79EFBC}") = "Automation", "Automation\Automation.csproj", "{2191DAD3-00D6-4256-AC2F-721FC1652F66}"
EndProject
Project("{2150E333-8FDC-42A3-9474-1A3956D46DE8}") = "Solution Items", "Solution Items", "{89F957A8-9058-461B-8029-F9D9CFAEF7C9}"
	ProjectSection(SolutionItems) = preProject
		readme.md5 = readme.md5
	EndProjectSection
EndProject
Global
	GlobalSection(SolutionConfigurationPlatforms) = preSolution
		Debug|Any CPU = Debug|Any CPU
		Release|Any CPU = Release|Any CPU
	EndGlobalSection
	GlobalSection(ProjectConfigurationPlatforms) = postSolution
		{2191DAD3-00D6-4256-AC2F-721FC1652F66}.Debug|Any CPU.ActiveCfg = Debug|Any CPU
		{2191DAD3-00D6-4256-AC2F-721FC1652F66}.Debug|Any CPU.Build.0 = Debug|Any CPU
		{2191DAD3-00D6-4256-AC2F-721FC1652F66}.Release|Any CPU.ActiveCfg = Release|Any CPU
		{2191DAD3-00D6-4256-AC2F-721FC1652F66}.Release|Any CPU.Build.0 = Release|Any CPU
	EndGlobalSection
	GlobalSection(SolutionProperties) = preSolution
		HideSolutionNode = FALSE
	EndGlobalSection
	GlobalSection(ExtensibilityGlobals) = postSolution
		SolutionGuid = {F37E2A2F-1270-4A61-9346-AC14DA4C7A3B}
	EndGlobalSection
EndGlobal
